{
  "object": {
    "pins": [
      {
        "package": "CHSDK",
        "repositoryURL": "https://github.com/chuanhuiwang/CHSDK",
        "state": {
          "branch": null,
          "revision": "24e87690c45730a6f0b36f3a9dcb2fa8489ddf6d",
          "version": "1.0.5"
        }
      }
    ]
  },
  "version": 1
}
