{
  "object": {
    "pins": [
      {
        "package": "CHSDK",
        "repositoryURL": "https://github.com/chuanhuiwang/CHSDK",
        "state": {
          "branch": null,
          "revision": "040a8d150e5ee7606e78fc9cec39e45aa3157d4c",
          "version": "1.0.4"
        }
      }
    ]
  },
  "version": 1
}
