// !$*UTF8*$!
{
	archiveVersion = 1;
	classes = {
	};
	objectVersion = 52;
	objects = {

/* Begin PBXBuildFile section */
		8B88F3E623B4592D005377A2 /* AppDelegate.swift in Sources */ = {isa = PBXBuildFile; fileRef = 8B88F3E523B4592D005377A2 /* AppDelegate.swift */; };
		8B88F3EA23B4592D005377A2 /* ViewController.swift in Sources */ = {isa = PBXBuildFile; fileRef = 8B88F3E923B4592D005377A2 /* ViewController.swift */; };
		8B88F3ED23B4592D005377A2 /* Main.storyboard in Resources */ = {isa = PBXBuildFile; fileRef = 8B88F3EB23B4592D005377A2 /* Main.storyboard */; };
		8B88F3F023B4592D005377A2 /* iOSTest.xcdatamodeld in Sources */ = {isa = PBXBuildFile; fileRef = 8B88F3EE23B4592D005377A2 /* iOSTest.xcdatamodeld */; };
		8B88F3F223B4592E005377A2 /* Assets.xcassets in Resources */ = {isa = PBXBuildFile; fileRef = 8B88F3F123B4592E005377A2 /* Assets.xcassets */; };
		8B88F3F523B4592E005377A2 /* LaunchScreen.storyboard in Resources */ = {isa = PBXBuildFile; fileRef = 8B88F3F323B4592E005377A2 /* LaunchScreen.storyboard */; };
		8B88F40023B4592E005377A2 /* iOSTestTests.swift in Sources */ = {isa = PBXBuildFile; fileRef = 8B88F3FF23B4592E005377A2 /* iOSTestTests.swift */; };
		8B88F40B23B4592E005377A2 /* iOSTestUITests.swift in Sources */ = {isa = PBXBuildFile; fileRef = 8B88F40A23B4592E005377A2 /* iOSTestUITests.swift */; };
		8BCE51CE23B5FD410066F479 /* CHPlayerView in Frameworks */ = {isa = PBXBuildFile; productRef = 8BCE51CD23B5FD410066F479 /* CHPlayerView */; };
		8BCE51D023B5FD410066F479 /* CHSDK in Frameworks */ = {isa = PBXBuildFile; productRef = 8BCE51CF23B5FD410066F479 /* CHSDK */; };
		8BCE51D223B5FD410066F479 /* CHSwiftyMediator in Frameworks */ = {isa = PBXBuildFile; productRef = 8BCE51D123B5FD410066F479 /* CHSwiftyMediator */; };
/* End PBXBuildFile section */

/* Begin PBXContainerItemProxy section */
		8B88F3FC23B4592E005377A2 /* PBXContainerItemProxy */ = {
			isa = PBXContainerItemProxy;
			containerPortal = 8B88F3DA23B4592D005377A2 /* Project object */;
			proxyType = 1;
			remoteGlobalIDString = 8B88F3E123B4592D005377A2;
			remoteInfo = iOSTest;
		};
		8B88F40723B4592E005377A2 /* PBXContainerItemProxy */ = {
			isa = PBXContainerItemProxy;
			containerPortal = 8B88F3DA23B4592D005377A2 /* Project object */;
			proxyType = 1;
			remoteGlobalIDString = 8B88F3E123B4592D005377A2;
			remoteInfo = iOSTest;
		};
/* End PBXContainerItemProxy section */

/* Begin PBXFileReference section */
		8B88F3E223B4592D005377A2 /* iOSTest.app */ = {isa = PBXFileReference; explicitFileType = wrapper.application; includeInIndex = 0; path = iOSTest.app; sourceTree = BUILT_PRODUCTS_DIR; };
		8B88F3E523B4592D005377A2 /* AppDelegate.swift */ = {isa = PBXFileReference; lastKnownFileType = sourcecode.swift; path = AppDelegate.swift; sourceTree = "<group>"; };
		8B88F3E923B4592D005377A2 /* ViewController.swift */ = {isa = PBXFileReference; lastKnownFileType = sourcecode.swift; path = ViewController.swift; sourceTree = "<group>"; };
		8B88F3EC23B4592D005377A2 /* Base */ = {isa = PBXFileReference; lastKnownFileType = file.storyboard; name = Base; path = Base.lproj/Main.storyboard; sourceTree = "<group>"; };
		8B88F3EF23B4592D005377A2 /* iOSTest.xcdatamodel */ = {isa = PBXFileReference; lastKnownFileType = wrapper.xcdatamodel; path = iOSTest.xcdatamodel; sourceTree = "<group>"; };
		8B88F3F123B4592E005377A2 /* Assets.xcassets */ = {isa = PBXFileReference; lastKnownFileType = folder.assetcatalog; path = Assets.xcassets; sourceTree = "<group>"; };
		8B88F3F423B4592E005377A2 /* Base */ = {isa = PBXFileReference; lastKnownFileType = file.storyboard; name = Base; path = Base.lproj/LaunchScreen.storyboard; sourceTree = "<group>"; };
		8B88F3F623B4592E005377A2 /* Info.plist */ = {isa = PBXFileReference; lastKnownFileType = text.plist.xml; path = Info.plist; sourceTree = "<group>"; };
		8B88F3FB23B4592E005377A2 /* iOSTestTests.xctest */ = {isa = PBXFileReference; explicitFileType = wrapper.cfbundle; includeInIndex = 0; path = iOSTestTests.xctest; sourceTree = BUILT_PRODUCTS_DIR; };
		8B88F3FF23B4592E005377A2 /* iOSTestTests.swift */ = {isa = PBXFileReference; lastKnownFileType = sourcecode.swift; path = iOSTestTests.swift; sourceTree = "<group>"; };
		8B88F40123B4592E005377A2 /* Info.plist */ = {isa = PBXFileReference; lastKnownFileType = text.plist.xml; path = Info.plist; sourceTree = "<group>"; };
		8B88F40623B4592E005377A2 /* iOSTestUITests.xctest */ = {isa = PBXFileReference; explicitFileType = wrapper.cfbundle; includeInIndex = 0; path = iOSTestUITests.xctest; sourceTree = BUILT_PRODUCTS_DIR; };
		8B88F40A23B4592E005377A2 /* iOSTestUITests.swift */ = {isa = PBXFileReference; lastKnownFileType = sourcecode.swift; path = iOSTestUITests.swift; sourceTree = "<group>"; };
		8B88F40C23B4592E005377A2 /* Info.plist */ = {isa = PBXFileReference; lastKnownFileType = text.plist.xml; path = Info.plist; sourceTree = "<group>"; };
/* End PBXFileReference section */

/* Begin PBXFrameworksBuildPhase section */
		8B88F3DF23B4592D005377A2 /* Frameworks */ = {
			isa = PBXFrameworksBuildPhase;
			buildActionMask = 2147483647;
			files = (
				8BCE51D023B5FD410066F479 /* CHSDK in Frameworks */,
				8BCE51D223B5FD410066F479 /* CHSwiftyMediator in Frameworks */,
				8BCE51CE23B5FD410066F479 /* CHPlayerView in Frameworks */,
			);
			runOnlyForDeploymentPostprocessing = 0;
		};
		8B88F3F823B4592E005377A2 /* Frameworks */ = {
			isa = PBXFrameworksBuildPhase;
			buildActionMask = 2147483647;
			files = (
			);
			runOnlyForDeploymentPostprocessing = 0;
		};
		8B88F40323B4592E005377A2 /* Frameworks */ = {
			isa = PBXFrameworksBuildPhase;
			buildActionMask = 2147483647;
			files = (
			);
			runOnlyForDeploymentPostprocessing = 0;
		};
/* End PBXFrameworksBuildPhase section */

/* Begin PBXGroup section */
		8B88F3D923B4592D005377A2 = {
			isa = PBXGroup;
			children = (
				8B88F3E423B4592D005377A2 /* iOSTest */,
				8B88F3FE23B4592E005377A2 /* iOSTestTests */,
				8B88F40923B4592E005377A2 /* iOSTestUITests */,
				8B88F3E323B4592D005377A2 /* Products */,
			);
			sourceTree = "<group>";
		};
		8B88F3E323B4592D005377A2 /* Products */ = {
			isa = PBXGroup;
			children = (
				8B88F3E223B4592D005377A2 /* iOSTest.app */,
				8B88F3FB23B4592E005377A2 /* iOSTestTests.xctest */,
				8B88F40623B4592E005377A2 /* iOSTestUITests.xctest */,
			);
			name = Products;
			sourceTree = "<group>";
		};
		8B88F3E423B4592D005377A2 /* iOSTest */ = {
			isa = PBXGroup;
			children = (
				8B88F3E523B4592D005377A2 /* AppDelegate.swift */,
				8B88F3E923B4592D005377A2 /* ViewController.swift */,
				8B88F3EB23B4592D005377A2 /* Main.storyboard */,
				8B88F3F123B4592E005377A2 /* Assets.xcassets */,
				8B88F3F323B4592E005377A2 /* LaunchScreen.storyboard */,
				8B88F3F623B4592E005377A2 /* Info.plist */,
				8B88F3EE23B4592D005377A2 /* iOSTest.xcdatamodeld */,
			);
			path = iOSTest;
			sourceTree = "<group>";
		};
		8B88F3FE23B4592E005377A2 /* iOSTestTests */ = {
			isa = PBXGroup;
			children = (
				8B88F3FF23B4592E005377A2 /* iOSTestTests.swift */,
				8B88F40123B4592E005377A2 /* Info.plist */,
			);
			path = iOSTestTests;
			sourceTree = "<group>";
		};
		8B88F40923B4592E005377A2 /* iOSTestUITests */ = {
			isa = PBXGroup;
			children = (
				8B88F40A23B4592E005377A2 /* iOSTestUITests.swift */,
				8B88F40C23B4592E005377A2 /* Info.plist */,
			);
			path = iOSTestUITests;
			sourceTree = "<group>";
		};
/* End PBXGroup section */

/* Begin PBXNativeTarget section */
		8B88F3E123B4592D005377A2 /* iOSTest */ = {
			isa = PBXNativeTarget;
			buildConfigurationList = 8B88F40F23B4592E005377A2 /* Build configuration list for PBXNativeTarget "iOSTest" */;
			buildPhases = (
				8B88F3DE23B4592D005377A2 /* Sources */,
				8B88F3DF23B4592D005377A2 /* Frameworks */,
				8B88F3E023B4592D005377A2 /* Resources */,
			);
			buildRules = (
			);
			dependencies = (
			);
			name = iOSTest;
			packageProductDependencies = (
				8BCE51CD23B5FD410066F479 /* CHPlayerView */,
				8BCE51CF23B5FD410066F479 /* CHSDK */,
				8BCE51D123B5FD410066F479 /* CHSwiftyMediator */,
			);
			productName = iOSTest;
			productReference = 8B88F3E223B4592D005377A2 /* iOSTest.app */;
			productType = "com.apple.product-type.application";
		};
		8B88F3FA23B4592E005377A2 /* iOSTestTests */ = {
			isa = PBXNativeTarget;
			buildConfigurationList = 8B88F41223B4592E005377A2 /* Build configuration list for PBXNativeTarget "iOSTestTests" */;
			buildPhases = (
				8B88F3F723B4592E005377A2 /* Sources */,
				8B88F3F823B4592E005377A2 /* Frameworks */,
				8B88F3F923B4592E005377A2 /* Resources */,
			);
			buildRules = (
			);
			dependencies = (
				8B88F3FD23B4592E005377A2 /* PBXTargetDependency */,
			);
			name = iOSTestTests;
			productName = iOSTestTests;
			productReference = 8B88F3FB23B4592E005377A2 /* iOSTestTests.xctest */;
			productType = "com.apple.product-type.bundle.unit-test";
		};
		8B88F40523B4592E005377A2 /* iOSTestUITests */ = {
			isa = PBXNativeTarget;
			buildConfigurationList = 8B88F41523B4592E005377A2 /* Build configuration list for PBXNativeTarget "iOSTestUITests" */;
			buildPhases = (
				8B88F40223B4592E005377A2 /* Sources */,
				8B88F40323B4592E005377A2 /* Frameworks */,
				8B88F40423B4592E005377A2 /* Resources */,
			);
			buildRules = (
			);
			dependencies = (
				8B88F40823B4592E005377A2 /* PBXTargetDependency */,
			);
			name = iOSTestUITests;
			productName = iOSTestUITests;
			productReference = 8B88F40623B4592E005377A2 /* iOSTestUITests.xctest */;
			productType = "com.apple.product-type.bundle.ui-testing";
		};
/* End PBXNativeTarget section */

/* Begin PBXProject section */
		8B88F3DA23B4592D005377A2 /* Project object */ = {
			isa = PBXProject;
			attributes = {
				LastSwiftUpdateCheck = 1130;
				LastUpgradeCheck = 1130;
				ORGANIZATIONNAME = jiulan;
				TargetAttributes = {
					8B88F3E123B4592D005377A2 = {
						CreatedOnToolsVersion = 11.3;
					};
					8B88F3FA23B4592E005377A2 = {
						CreatedOnToolsVersion = 11.3;
						TestTargetID = 8B88F3E123B4592D005377A2;
					};
					8B88F40523B4592E005377A2 = {
						CreatedOnToolsVersion = 11.3;
						TestTargetID = 8B88F3E123B4592D005377A2;
					};
				};
			};
			buildConfigurationList = 8B88F3DD23B4592D005377A2 /* Build configuration list for PBXProject "iOSTest" */;
			compatibilityVersion = "Xcode 9.3";
			developmentRegion = en;
			hasScannedForEncodings = 0;
			knownRegions = (
				en,
				Base,
			);
			mainGroup = 8B88F3D923B4592D005377A2;
			packageReferences = (
				8BCE51CC23B5FD410066F479 /* XCRemoteSwiftPackageReference "CHSDK" */,
			);
			productRefGroup = 8B88F3E323B4592D005377A2 /* Products */;
			projectDirPath = "";
			projectRoot = "";
			targets = (
				8B88F3E123B4592D005377A2 /* iOSTest */,
				8B88F3FA23B4592E005377A2 /* iOSTestTests */,
				8B88F40523B4592E005377A2 /* iOSTestUITests */,
			);
		};
/* End PBXProject section */

/* Begin PBXResourcesBuildPhase section */
		8B88F3E023B4592D005377A2 /* Resources */ = {
			isa = PBXResourcesBuildPhase;
			buildActionMask = 2147483647;
			files = (
				8B88F3F523B4592E005377A2 /* LaunchScreen.storyboard in Resources */,
				8B88F3F223B4592E005377A2 /* Assets.xcassets in Resources */,
				8B88F3ED23B4592D005377A2 /* Main.storyboard in Resources */,
			);
			runOnlyForDeploymentPostprocessing = 0;
		};
		8B88F3F923B4592E005377A2 /* Resources */ = {
			isa = PBXResourcesBuildPhase;
			buildActionMask = 2147483647;
			files = (
			);
			runOnlyForDeploymentPostprocessing = 0;
		};
		8B88F40423B4592E005377A2 /* Resources */ = {
			isa = PBXResourcesBuildPhase;
			buildActionMask = 2147483647;
			files = (
			);
			runOnlyForDeploymentPostprocessing = 0;
		};
/* End PBXResourcesBuildPhase section */

/* Begin PBXSourcesBuildPhase section */
		8B88F3DE23B4592D005377A2 /* Sources */ = {
			isa = PBXSourcesBuildPhase;
			buildActionMask = 2147483647;
			files = (
				8B88F3EA23B4592D005377A2 /* ViewController.swift in Sources */,
				8B88F3E623B4592D005377A2 /* AppDelegate.swift in Sources */,
				8B88F3F023B4592D005377A2 /* iOSTest.xcdatamodeld in Sources */,
			);
			runOnlyForDeploymentPostprocessing = 0;
		};
		8B88F3F723B4592E005377A2 /* Sources */ = {
			isa = PBXSourcesBuildPhase;
			buildActionMask = 2147483647;
			files = (
				8B88F40023B4592E005377A2 /* iOSTestTests.swift in Sources */,
			);
			runOnlyForDeploymentPostprocessing = 0;
		};
		8B88F40223B4592E005377A2 /* Sources */ = {
			isa = PBXSourcesBuildPhase;
			buildActionMask = 2147483647;
			files = (
				8B88F40B23B4592E005377A2 /* iOSTestUITests.swift in Sources */,
			);
			runOnlyForDeploymentPostprocessing = 0;
		};
/* End PBXSourcesBuildPhase section */

/* Begin PBXTargetDependency section */
		8B88F3FD23B4592E005377A2 /* PBXTargetDependency */ = {
			isa = PBXTargetDependency;
			target = 8B88F3E123B4592D005377A2 /* iOSTest */;
			targetProxy = 8B88F3FC23B4592E005377A2 /* PBXContainerItemProxy */;
		};
		8B88F40823B4592E005377A2 /* PBXTargetDependency */ = {
			isa = PBXTargetDependency;
			target = 8B88F3E123B4592D005377A2 /* iOSTest */;
			targetProxy = 8B88F40723B4592E005377A2 /* PBXContainerItemProxy */;
		};
/* End PBXTargetDependency section */

/* Begin PBXVariantGroup section */
		8B88F3EB23B4592D005377A2 /* Main.storyboard */ = {
			isa = PBXVariantGroup;
			children = (
				8B88F3EC23B4592D005377A2 /* Base */,
			);
			name = Main.storyboard;
			sourceTree = "<group>";
		};
		8B88F3F323B4592E005377A2 /* LaunchScreen.storyboard */ = {
			isa = PBXVariantGroup;
			children = (
				8B88F3F423B4592E005377A2 /* Base */,
			);
			name = LaunchScreen.storyboard;
			sourceTree = "<group>";
		};
/* End PBXVariantGroup section */

/* Begin XCBuildConfiguration section */
		8B88F40D23B4592E005377A2 /* Debug */ = {
			isa = XCBuildConfiguration;
			buildSettings = {
				ALWAYS_SEARCH_USER_PATHS = NO;
				CLANG_ANALYZER_NONNULL = YES;
				CLANG_ANALYZER_NUMBER_OBJECT_CONVERSION = YES_AGGRESSIVE;
				CLANG_CXX_LANGUAGE_STANDARD = "gnu++14";
				CLANG_CXX_LIBRARY = "libc++";
				CLANG_ENABLE_MODULES = YES;
				CLANG_ENABLE_OBJC_ARC = YES;
				CLANG_ENABLE_OBJC_WEAK = YES;
				CLANG_WARN_BLOCK_CAPTURE_AUTORELEASING = YES;
				CLANG_WARN_BOOL_CONVERSION = YES;
				CLANG_WARN_COMMA = YES;
				CLANG_WARN_CONSTANT_CONVERSION = YES;
				CLANG_WARN_DEPRECATED_OBJC_IMPLEMENTATIONS = YES;
				CLANG_WARN_DIRECT_OBJC_ISA_USAGE = YES_ERROR;
				CLANG_WARN_DOCUMENTATION_COMMENTS = YES;
				CLANG_WARN_EMPTY_BODY = YES;
				CLANG_WARN_ENUM_CONVERSION = YES;
				CLANG_WARN_INFINITE_RECURSION = YES;
				CLANG_WARN_INT_CONVERSION = YES;
				CLANG_WARN_NON_LITERAL_NULL_CONVERSION = YES;
				CLANG_WARN_OBJC_IMPLICIT_RETAIN_SELF = YES;
				CLANG_WARN_OBJC_LITERAL_CONVERSION = YES;
				CLANG_WARN_OBJC_ROOT_CLASS = YES_ERROR;
				CLANG_WARN_RANGE_LOOP_ANALYSIS = YES;
				CLANG_WARN_STRICT_PROTOTYPES = YES;
				CLANG_WARN_SUSPICIOUS_MOVE = YES;
				CLANG_WARN_UNGUARDED_AVAILABILITY = YES_AGGRESSIVE;
				CLANG_WARN_UNREACHABLE_CODE = YES;
				CLANG_WARN__DUPLICATE_METHOD_MATCH = YES;
				COPY_PHASE_STRIP = NO;
				DEBUG_INFORMATION_FORMAT = dwarf;
				ENABLE_STRICT_OBJC_MSGSEND = YES;
				ENABLE_TESTABILITY = YES;
				GCC_C_LANGUAGE_STANDARD = gnu11;
				GCC_DYNAMIC_NO_PIC = NO;
				GCC_NO_COMMON_BLOCKS = YES;
				GCC_OPTIMIZATION_LEVEL = 0;
				GCC_PREPROCESSOR_DEFINITIONS = (
					"DEBUG=1",
					"$(inherited)",
				);
				GCC_WARN_64_TO_32_BIT_CONVERSION = YES;
				GCC_WARN_ABOUT_RETURN_TYPE = YES_ERROR;
				GCC_WARN_UNDECLARED_SELECTOR = YES;
				GCC_WARN_UNINITIALIZED_AUTOS = YES_AGGRESSIVE;
				GCC_WARN_UNUSED_FUNCTION = YES;
				GCC_WARN_UNUSED_VARIABLE = YES;
				IPHONEOS_DEPLOYMENT_TARGET = 13.2;
				MTL_ENABLE_DEBUG_INFO = INCLUDE_SOURCE;
				MTL_FAST_MATH = YES;
				ONLY_ACTIVE_ARCH = YES;
				SDKROOT = iphoneos;
				SWIFT_ACTIVE_COMPILATION_CONDITIONS = DEBUG;
				SWIFT_OPTIMIZATION_LEVEL = "-Onone";
			};
			name = Debug;
		};
		8B88F40E23B4592E005377A2 /* Release */ = {
			isa = XCBuildConfiguration;
			buildSettings = {
				ALWAYS_SEARCH_USER_PATHS = NO;
				CLANG_ANALYZER_NONNULL = YES;
				CLANG_ANALYZER_NUMBER_OBJECT_CONVERSION = YES_AGGRESSIVE;
				CLANG_CXX_LANGUAGE_STANDARD = "gnu++14";
				CLANG_CXX_LIBRARY = "libc++";
				CLANG_ENABLE_MODULES = YES;
				CLANG_ENABLE_OBJC_ARC = YES;
				CLANG_ENABLE_OBJC_WEAK = YES;
				CLANG_WARN_BLOCK_CAPTURE_AUTORELEASING = YES;
				CLANG_WARN_BOOL_CONVERSION = YES;
				CLANG_WARN_COMMA = YES;
				CLANG_WARN_CONSTANT_CONVERSION = YES;
				CLANG_WARN_DEPRECATED_OBJC_IMPLEMENTATIONS = YES;
				CLANG_WARN_DIRECT_OBJC_ISA_USAGE = YES_ERROR;
				CLANG_WARN_DOCUMENTATION_COMMENTS = YES;
				CLANG_WARN_EMPTY_BODY = YES;
				CLANG_WARN_ENUM_CONVERSION = YES;
				CLANG_WARN_INFINITE_RECURSION = YES;
				CLANG_WARN_INT_CONVERSION = YES;
				CLANG_WARN_NON_LITERAL_NULL_CONVERSION = YES;
				CLANG_WARN_OBJC_IMPLICIT_RETAIN_SELF = YES;
				CLANG_WARN_OBJC_LITERAL_CONVERSION = YES;
				CLANG_WARN_OBJC_ROOT_CLASS = YES_ERROR;
				CLANG_WARN_RANGE_LOOP_ANALYSIS = YES;
				CLANG_WARN_STRICT_PROTOTYPES = YES;
				CLANG_WARN_SUSPICIOUS_MOVE = YES;
				CLANG_WARN_UNGUARDED_AVAILABILITY = YES_AGGRESSIVE;
				CLANG_WARN_UNREACHABLE_CODE = YES;
				CLANG_WARN__DUPLICATE_METHOD_MATCH = YES;
				COPY_PHASE_STRIP = NO;
				DEBUG_INFORMATION_FORMAT = "dwarf-with-dsym";
				ENABLE_NS_ASSERTIONS = NO;
				ENABLE_STRICT_OBJC_MSGSEND = YES;
				GCC_C_LANGUAGE_STANDARD = gnu11;
				GCC_NO_COMMON_BLOCKS = YES;
				GCC_WARN_64_TO_32_BIT_CONVERSION = YES;
				GCC_WARN_ABOUT_RETURN_TYPE = YES_ERROR;
				GCC_WARN_UNDECLARED_SELECTOR = YES;
				GCC_WARN_UNINITIALIZED_AUTOS = YES_AGGRESSIVE;
				GCC_WARN_UNUSED_FUNCTION = YES;
				GCC_WARN_UNUSED_VARIABLE = YES;
				IPHONEOS_DEPLOYMENT_TARGET = 13.2;
				MTL_ENABLE_DEBUG_INFO = NO;
				MTL_FAST_MATH = YES;
				SDKROOT = iphoneos;
				SWIFT_COMPILATION_MODE = wholemodule;
				SWIFT_OPTIMIZATION_LEVEL = "-O";
				VALIDATE_PRODUCT = YES;
			};
			name = Release;
		};
		8B88F41023B4592E005377A2 /* Debug */ = {
			isa = XCBuildConfiguration;
			buildSettings = {
				ASSETCATALOG_COMPILER_APPICON_NAME = AppIcon;
				CODE_SIGN_IDENTITY = "Apple Development";
				CODE_SIGN_STYLE = Automatic;
				DEVELOPMENT_TEAM = 9HA9LA2B95;
				INFOPLIST_FILE = iOSTest/Info.plist;
				IPHONEOS_DEPLOYMENT_TARGET = 9.0;
				LD_RUNPATH_SEARCH_PATHS = (
					"$(inherited)",
					"@executable_path/Frameworks",
				);
				PRODUCT_BUNDLE_IDENTIFIER = com.jiulan.iOSTest;
				PRODUCT_NAME = "$(TARGET_NAME)";
				SWIFT_VERSION = 5.0;
				TARGETED_DEVICE_FAMILY = "1,2";
			};
			name = Debug;
		};
		8B88F41123B4592E005377A2 /* Release */ = {
			isa = XCBuildConfiguration;
			buildSettings = {
				ASSETCATALOG_COMPILER_APPICON_NAME = AppIcon;
				CODE_SIGN_IDENTITY = "Apple Development";
				CODE_SIGN_STYLE = Automatic;
				DEVELOPMENT_TEAM = 9HA9LA2B95;
				INFOPLIST_FILE = iOSTest/Info.plist;
				IPHONEOS_DEPLOYMENT_TARGET = 9.0;
				LD_RUNPATH_SEARCH_PATHS = (
					"$(inherited)",
					"@executable_path/Frameworks",
				);
				PRODUCT_BUNDLE_IDENTIFIER = com.jiulan.iOSTest;
				PRODUCT_NAME = "$(TARGET_NAME)";
				SWIFT_VERSION = 5.0;
				TARGETED_DEVICE_FAMILY = "1,2";
			};
			name = Release;
		};
		8B88F41323B4592E005377A2 /* Debug */ = {
			isa = XCBuildConfiguration;
			buildSettings = {
				ALWAYS_EMBED_SWIFT_STANDARD_LIBRARIES = YES;
				BUNDLE_LOADER = "$(TEST_HOST)";
				CODE_SIGN_STYLE = Automatic;
				INFOPLIST_FILE = iOSTestTests/Info.plist;
				IPHONEOS_DEPLOYMENT_TARGET = 13.2;
				LD_RUNPATH_SEARCH_PATHS = (
					"$(inherited)",
					"@executable_path/Frameworks",
					"@loader_path/Frameworks",
				);
				PRODUCT_BUNDLE_IDENTIFIER = com.jiulan.iOSTestTests;
				PRODUCT_NAME = "$(TARGET_NAME)";
				SWIFT_VERSION = 5.0;
				TARGETED_DEVICE_FAMILY = "1,2";
				TEST_HOST = "$(BUILT_PRODUCTS_DIR)/iOSTest.app/iOSTest";
			};
			name = Debug;
		};
		8B88F41423B4592E005377A2 /* Release */ = {
			isa = XCBuildConfiguration;
			buildSettings = {
				ALWAYS_EMBED_SWIFT_STANDARD_LIBRARIES = YES;
				BUNDLE_LOADER = "$(TEST_HOST)";
				CODE_SIGN_STYLE = Automatic;
				INFOPLIST_FILE = iOSTestTests/Info.plist;
				IPHONEOS_DEPLOYMENT_TARGET = 13.2;
				LD_RUNPATH_SEARCH_PATHS = (
					"$(inherited)",
					"@executable_path/Frameworks",
					"@loader_path/Frameworks",
				);
				PRODUCT_BUNDLE_IDENTIFIER = com.jiulan.iOSTestTests;
				PRODUCT_NAME = "$(TARGET_NAME)";
				SWIFT_VERSION = 5.0;
				TARGETED_DEVICE_FAMILY = "1,2";
				TEST_HOST = "$(BUILT_PRODUCTS_DIR)/iOSTest.app/iOSTest";
			};
			name = Release;
		};
		8B88F41623B4592E005377A2 /* Debug */ = {
			isa = XCBuildConfiguration;
			buildSettings = {
				ALWAYS_EMBED_SWIFT_STANDARD_LIBRARIES = YES;
				CODE_SIGN_STYLE = Automatic;
				INFOPLIST_FILE = iOSTestUITests/Info.plist;
				LD_RUNPATH_SEARCH_PATHS = (
					"$(inherited)",
					"@executable_path/Frameworks",
					"@loader_path/Frameworks",
				);
				PRODUCT_BUNDLE_IDENTIFIER = com.jiulan.iOSTestUITests;
				PRODUCT_NAME = "$(TARGET_NAME)";
				SWIFT_VERSION = 5.0;
				TARGETED_DEVICE_FAMILY = "1,2";
				TEST_TARGET_NAME = iOSTest;
			};
			name = Debug;
		};
		8B88F41723B4592E005377A2 /* Release */ = {
			isa = XCBuildConfiguration;
			buildSettings = {
				ALWAYS_EMBED_SWIFT_STANDARD_LIBRARIES = YES;
				CODE_SIGN_STYLE = Automatic;
				INFOPLIST_FILE = iOSTestUITests/Info.plist;
				LD_RUNPATH_SEARCH_PATHS = (
					"$(inherited)",
					"@executable_path/Frameworks",
					"@loader_path/Frameworks",
				);
				PRODUCT_BUNDLE_IDENTIFIER = com.jiulan.iOSTestUITests;
				PRODUCT_NAME = "$(TARGET_NAME)";
				SWIFT_VERSION = 5.0;
				TARGETED_DEVICE_FAMILY = "1,2";
				TEST_TARGET_NAME = iOSTest;
			};
			name = Release;
		};
/* End XCBuildConfiguration section */

/* Begin XCConfigurationList section */
		8B88F3DD23B4592D005377A2 /* Build configuration list for PBXProject "iOSTest" */ = {
			isa = XCConfigurationList;
			buildConfigurations = (
				8B88F40D23B4592E005377A2 /* Debug */,
				8B88F40E23B4592E005377A2 /* Release */,
			);
			defaultConfigurationIsVisible = 0;
			defaultConfigurationName = Release;
		};
		8B88F40F23B4592E005377A2 /* Build configuration list for PBXNativeTarget "iOSTest" */ = {
			isa = XCConfigurationList;
			buildConfigurations = (
				8B88F41023B4592E005377A2 /* Debug */,
				8B88F41123B4592E005377A2 /* Release */,
			);
			defaultConfigurationIsVisible = 0;
			defaultConfigurationName = Release;
		};
		8B88F41223B4592E005377A2 /* Build configuration list for PBXNativeTarget "iOSTestTests" */ = {
			isa = XCConfigurationList;
			buildConfigurations = (
				8B88F41323B4592E005377A2 /* Debug */,
				8B88F41423B4592E005377A2 /* Release */,
			);
			defaultConfigurationIsVisible = 0;
			defaultConfigurationName = Release;
		};
		8B88F41523B4592E005377A2 /* Build configuration list for PBXNativeTarget "iOSTestUITests" */ = {
			isa = XCConfigurationList;
			buildConfigurations = (
				8B88F41623B4592E005377A2 /* Debug */,
				8B88F41723B4592E005377A2 /* Release */,
			);
			defaultConfigurationIsVisible = 0;
			defaultConfigurationName = Release;
		};
/* End XCConfigurationList section */

/* Begin XCRemoteSwiftPackageReference section */
		8BCE51CC23B5FD410066F479 /* XCRemoteSwiftPackageReference "CHSDK" */ = {
			isa = XCRemoteSwiftPackageReference;
			repositoryURL = "https://github.com/chuanhuiwang/CHSDK";
			requirement = {
				kind = upToNextMajorVersion;
				minimumVersion = 1.0.3;
			};
		};
/* End XCRemoteSwiftPackageReference section */

/* Begin XCSwiftPackageProductDependency section */
		8BCE51CD23B5FD410066F479 /* CHPlayerView */ = {
			isa = XCSwiftPackageProductDependency;
			package = 8BCE51CC23B5FD410066F479 /* XCRemoteSwiftPackageReference "CHSDK" */;
			productName = CHPlayerView;
		};
		8BCE51CF23B5FD410066F479 /* CHSDK */ = {
			isa = XCSwiftPackageProductDependency;
			package = 8BCE51CC23B5FD410066F479 /* XCRemoteSwiftPackageReference "CHSDK" */;
			productName = CHSDK;
		};
		8BCE51D123B5FD410066F479 /* CHSwiftyMediator */ = {
			isa = XCSwiftPackageProductDependency;
			package = 8BCE51CC23B5FD410066F479 /* XCRemoteSwiftPackageReference "CHSDK" */;
			productName = CHSwiftyMediator;
		};
/* End XCSwiftPackageProductDependency section */

/* Begin XCVersionGroup section */
		8B88F3EE23B4592D005377A2 /* iOSTest.xcdatamodeld */ = {
			isa = XCVersionGroup;
			children = (
				8B88F3EF23B4592D005377A2 /* iOSTest.xcdatamodel */,
			);
			currentVersion = 8B88F3EF23B4592D005377A2 /* iOSTest.xcdatamodel */;
			path = iOSTest.xcdatamodeld;
			sourceTree = "<group>";
			versionGroupType = wrapper.xcdatamodel;
		};
/* End XCVersionGroup section */
	};
	rootObject = 8B88F3DA23B4592D005377A2 /* Project object */;
}
